
Microsoft Visual Studio Solution File, Format Version 12.00
# Visual Studio Version 16
VisualStudioVersion = 16.0.32630.194
MinimumVisualStudioVersion = 10.0.40219.1
Project("{9A19103F-16F7-4668-BE54-9A1E7A4F7556}") = "CalculationModel", "CalculationModel\CalculationModel.csproj", "{87759CC4-6C2E-4F53-8E8D-4221A342BAF9}"
EndProject
Project("{FAE04EC0-301F-11D3-BF4B-00C04F79EFBC}") = "ViewModels", "ViewModels\ViewModels.csproj", "{9DFF28F5-2CDC-4157-9A87-F33FD8CBDB9B}"
EndProject
Project("{FAE04EC0-301F-11D3-BF4B-00C04F79EFBC}") = "View.Calculator", "View.Calculator\View.Calculator.csproj", "{F5905A8C-C49D-4967-A7F6-DB063625CC9E}"
EndProject
Global
	GlobalSection(SolutionConfigurationPlatforms) = preSolution
		Debug|Any CPU = Debug|Any CPU
		Release|Any CPU = Release|Any CPU
	EndGlobalSection
	GlobalSection(ProjectConfigurationPlatforms) = postSolution
		{87759CC4-6C2E-4F53-8E8D-4221A342BAF9}.Debug|Any CPU.ActiveCfg = Debug|Any CPU
		{87759CC4-6C2E-4F53-8E8D-4221A342BAF9}.Debug|Any CPU.Build.0 = Debug|Any CPU
		{87759CC4-6C2E-4F53-8E8D-4221A342BAF9}.Release|Any CPU.ActiveCfg = Release|Any CPU
		{87759CC4-6C2E-4F53-8E8D-4221A342BAF9}.Release|Any CPU.Build.0 = Release|Any CPU
		{9DFF28F5-2CDC-4157-9A87-F33FD8CBDB9B}.Debug|Any CPU.ActiveCfg = Debug|Any CPU
		{9DFF28F5-2CDC-4157-9A87-F33FD8CBDB9B}.Debug|Any CPU.Build.0 = Debug|Any CPU
		{9DFF28F5-2CDC-4157-9A87-F33FD8CBDB9B}.Release|Any CPU.ActiveCfg = Release|Any CPU
		{9DFF28F5-2CDC-4157-9A87-F33FD8CBDB9B}.Release|Any CPU.Build.0 = Release|Any CPU
		{F5905A8C-C49D-4967-A7F6-DB063625CC9E}.Debug|Any CPU.ActiveCfg = Debug|Any CPU
		{F5905A8C-C49D-4967-A7F6-DB063625CC9E}.Debug|Any CPU.Build.0 = Debug|Any CPU
		{F5905A8C-C49D-4967-A7F6-DB063625CC9E}.Release|Any CPU.ActiveCfg = Release|Any CPU
		{F5905A8C-C49D-4967-A7F6-DB063625CC9E}.Release|Any CPU.Build.0 = Release|Any CPU
	EndGlobalSection
	GlobalSection(SolutionProperties) = preSolution
		HideSolutionNode = FALSE
	EndGlobalSection
	GlobalSection(ExtensibilityGlobals) = postSolution
		SolutionGuid = {1F5E9FDF-DA42-4B4C-BEF3-AB38B83EFC15}
	EndGlobalSection
EndGlobal
